<?xml version="1.0" encoding="utf-8"?>
<Project ToolsVersion="4.0" xmlns="http://schemas.microsoft.com/developer/msbuild/2003">
  <ItemGroup>
    <Filter Include="Source Files">
      <UniqueIdentifier>{4FC737F1-C7A5-4376-A066-2A32D752A2FF}</UniqueIdentifier>
      <Extensions>cpp;c;cc;cxx;def;odl;idl;hpj;bat;asm;asmx</Extensions>
    </Filter>
    <Filter Include="Header Files">
      <UniqueIdentifier>{93995380-89BD-4b04-88EB-625FBE52EBFB}</UniqueIdentifier>
      <Extensions>h;hh;hpp;hxx;hm;inl;inc;xsd</Extensions>
    </Filter>
    <Filter Include="Resource Files">
      <UniqueIdentifier>{67DA6AB6-F800-4c08-8B7A-83BB121AAD01}</UniqueIdentifier>
      <Extensions>rc;ico;cur;bmp;dlg;rc2;rct;bin;rgs;gif;jpg;jpeg;jpe;resx;tiff;tif;png;wav;mfcribbon-ms</Extensions>
    </Filter>
  </ItemGroup>
  <ItemGroup>
    <ClInclude Include="include\arp.h">
      <Filter>Header Files</Filter>
    </ClInclude>
    <ClInclude Include="include\bootp.h">
      <Filter>Header Files</Filter>
    </ClInclude>
    <ClInclude Include="include\ether2.h">
      <Filter>Header Files</Filter>
    </ClInclude>
    <ClInclude Include="include\ipv4.h">
      <Filter>Header Files</Filter>
    </ClInclude>
    <ClInclude Include="include\libusb.h">
      <Filter>Header Files</Filter>
    </ClInclude>
    <ClInclude Include="include\resource.h">
      <Filter>Header Files</Filter>
    </ClInclude>
    <ClInclude Include="include\rndis.h">
      <Filter>Header Files</Filter>
    </ClInclude>
    <ClInclude Include="include\tftp.h">
      <Filter>Header Files</Filter>
    </ClInclude>
    <ClInclude Include="include\udp.h">
      <Filter>Header Files</Filter>
    </ClInclude>
    <ClInclude Include="include\utils.h">
      <Filter>Header Files</Filter>
    </ClInclude>
    <ClInclude Include="resource.h">
      <Filter>Header Files</Filter>
    </ClInclude>
  </ItemGroup>
  <ItemGroup>
    <ClCompile Include="src\arp.c">
      <Filter>Source Files</Filter>
    </ClCompile>
    <ClCompile Include="src\bootp.c">
      <Filter>Source Files</Filter>
    </ClCompile>
    <ClCompile Include="src\ether2.c">
      <Filter>Source Files</Filter>
    </ClCompile>
    <ClCompile Include="src\ipv4.c">
      <Filter>Source Files</Filter>
    </ClCompile>
    <ClCompile Include="src\main.c">
      <Filter>Source Files</Filter>
    </ClCompile>
    <ClCompile Include="src\rndis.c">
      <Filter>Source Files</Filter>
    </ClCompile>
    <ClCompile Include="src\tftp.c">
      <Filter>Source Files</Filter>
    </ClCompile>
    <ClCompile Include="src\udp.c">
      <Filter>Source Files</Filter>
    </ClCompile>
    <ClCompile Include="src\utils.c">
      <Filter>Source Files</Filter>
    </ClCompile>
  </ItemGroup>
  <ItemGroup>
    <Library Include="src\libusb-1.0.lib" />
  </ItemGroup>
  <ItemGroup>
    <ResourceCompile Include="BBBlfs.rc">
      <Filter>Resource Files</Filter>
    </ResourceCompile>
  </ItemGroup>
  <ItemGroup>
    <Image Include="..\..\..\Downloads\beagle.ico">
      <Filter>Resource Files</Filter>
    </Image>
  </ItemGroup>
</Project>