// !$*UTF8*$!
{
	archiveVersion = 1;
	classes = {
	};
	objectVersion = 46;
	objects = {

/* Begin PBXBuildFile section */
		E78245251B07821B004285CB /* ether2.c in Sources */ = {isa = PBXBuildFile; fileRef = E782451C1B07821B004285CB /* ether2.c */; };
		E78245261B07821B004285CB /* ipv4.c in Sources */ = {isa = PBXBuildFile; fileRef = E782451D1B07821B004285CB /* ipv4.c */; };
		E78245271B07821B004285CB /* main.c in Sources */ = {isa = PBXBuildFile; fileRef = E782451E1B07821B004285CB /* main.c */; };
		E78245281B07821B004285CB /* rndis.c in Sources */ = {isa = PBXBuildFile; fileRef = E782451F1B07821B004285CB /* rndis.c */; };
		E78245291B07821B004285CB /* tftp.c in Sources */ = {isa = PBXBuildFile; fileRef = E78245201B07821B004285CB /* tftp.c */; };
		E782452A1B07821B004285CB /* udp.c in Sources */ = {isa = PBXBuildFile; fileRef = E78245211B07821B004285CB /* udp.c */; };
		E782452B1B07821B004285CB /* utils.c in Sources */ = {isa = PBXBuildFile; fileRef = E78245221B07821B004285CB /* utils.c */; };
		E78245371B0784A4004285CB /* arp.c in Sources */ = {isa = PBXBuildFile; fileRef = E78245351B0784A4004285CB /* arp.c */; };
		E78245381B0784A4004285CB /* bootp.c in Sources */ = {isa = PBXBuildFile; fileRef = E78245361B0784A4004285CB /* bootp.c */; };
/* End PBXBuildFile section */

/* Begin PBXCopyFilesBuildPhase section */
		E72F48FF1B0770C600500C7C /* CopyFiles */ = {
			isa = PBXCopyFilesBuildPhase;
			buildActionMask = 2147483647;
			dstPath = /usr/share/man/man1/;
			dstSubfolderSpec = 0;
			files = (
			);
			runOnlyForDeploymentPostprocessing = 1;
		};
/* End PBXCopyFilesBuildPhase section */

/* Begin PBXFileReference section */
		E72F49011B0770C600500C7C /* beagleboot */ = {isa = PBXFileReference; explicitFileType = "compiled.mach-o.executable"; includeInIndex = 0; path = beagleboot; sourceTree = BUILT_PRODUCTS_DIR; };
		E782451C1B07821B004285CB /* ether2.c */ = {isa = PBXFileReference; fileEncoding = 4; lastKnownFileType = sourcecode.c.c; name = ether2.c; path = ../../src/ether2.c; sourceTree = SOURCE_ROOT; };
		E782451D1B07821B004285CB /* ipv4.c */ = {isa = PBXFileReference; fileEncoding = 4; lastKnownFileType = sourcecode.c.c; name = ipv4.c; path = ../../src/ipv4.c; sourceTree = SOURCE_ROOT; };
		E782451E1B07821B004285CB /* main.c */ = {isa = PBXFileReference; fileEncoding = 4; lastKnownFileType = sourcecode.c.c; name = main.c; path = ../../src/main.c; sourceTree = SOURCE_ROOT; };
		E782451F1B07821B004285CB /* rndis.c */ = {isa = PBXFileReference; fileEncoding = 4; lastKnownFileType = sourcecode.c.c; name = rndis.c; path = ../../src/rndis.c; sourceTree = SOURCE_ROOT; };
		E78245201B07821B004285CB /* tftp.c */ = {isa = PBXFileReference; fileEncoding = 4; lastKnownFileType = sourcecode.c.c; name = tftp.c; path = ../../src/tftp.c; sourceTree = SOURCE_ROOT; };
		E78245211B07821B004285CB /* udp.c */ = {isa = PBXFileReference; fileEncoding = 4; lastKnownFileType = sourcecode.c.c; name = udp.c; path = ../../src/udp.c; sourceTree = SOURCE_ROOT; };
		E78245221B07821B004285CB /* utils.c */ = {isa = PBXFileReference; fileEncoding = 4; lastKnownFileType = sourcecode.c.c; name = utils.c; path = ../../src/utils.c; sourceTree = SOURCE_ROOT; };
		E782452C1B078305004285CB /* arp.h */ = {isa = PBXFileReference; fileEncoding = 4; lastKnownFileType = sourcecode.c.h; name = arp.h; path = ../../include/arp.h; sourceTree = SOURCE_ROOT; };
		E782452D1B078305004285CB /* bootp.h */ = {isa = PBXFileReference; fileEncoding = 4; lastKnownFileType = sourcecode.c.h; name = bootp.h; path = ../../include/bootp.h; sourceTree = SOURCE_ROOT; };
		E782452E1B078305004285CB /* config.h */ = {isa = PBXFileReference; fileEncoding = 4; lastKnownFileType = sourcecode.c.h; name = config.h; path = ../../include/config.h; sourceTree = SOURCE_ROOT; };
		E782452F1B078305004285CB /* ether2.h */ = {isa = PBXFileReference; fileEncoding = 4; lastKnownFileType = sourcecode.c.h; name = ether2.h; path = ../../include/ether2.h; sourceTree = SOURCE_ROOT; };
		E78245301B078305004285CB /* ipv4.h */ = {isa = PBXFileReference; fileEncoding = 4; lastKnownFileType = sourcecode.c.h; name = ipv4.h; path = ../../include/ipv4.h; sourceTree = SOURCE_ROOT; };
		E78245311B078305004285CB /* rndis.h */ = {isa = PBXFileReference; fileEncoding = 4; lastKnownFileType = sourcecode.c.h; name = rndis.h; path = ../../include/rndis.h; sourceTree = SOURCE_ROOT; };
		E78245321B078305004285CB /* tftp.h */ = {isa = PBXFileReference; fileEncoding = 4; lastKnownFileType = sourcecode.c.h; name = tftp.h; path = ../../include/tftp.h; sourceTree = SOURCE_ROOT; };
		E78245331B078305004285CB /* udp.h */ = {isa = PBXFileReference; fileEncoding = 4; lastKnownFileType = sourcecode.c.h; name = udp.h; path = ../../include/udp.h; sourceTree = SOURCE_ROOT; };
		E78245341B078305004285CB /* utils.h */ = {isa = PBXFileReference; fileEncoding = 4; lastKnownFileType = sourcecode.c.h; name = utils.h; path = ../../include/utils.h; sourceTree = SOURCE_ROOT; };
		E78245351B0784A4004285CB /* arp.c */ = {isa = PBXFileReference; fileEncoding = 4; lastKnownFileType = sourcecode.c.c; name = arp.c; path = ../../src/arp.c; sourceTree = SOURCE_ROOT; };
		E78245361B0784A4004285CB /* bootp.c */ = {isa = PBXFileReference; fileEncoding = 4; lastKnownFileType = sourcecode.c.c; name = bootp.c; path = ../../src/bootp.c; sourceTree = SOURCE_ROOT; };
/* End PBXFileReference section */

/* Begin PBXFrameworksBuildPhase section */
		E72F48FE1B0770C600500C7C /* Frameworks */ = {
			isa = PBXFrameworksBuildPhase;
			buildActionMask = 2147483647;
			files = (
			);
			runOnlyForDeploymentPostprocessing = 0;
		};
/* End PBXFrameworksBuildPhase section */

/* Begin PBXGroup section */
		E72F48F81B0770C600500C7C = {
			isa = PBXGroup;
			children = (
				E72F49031B0770C600500C7C /* beagleboot */,
				E72F49021B0770C600500C7C /* Products */,
			);
			sourceTree = "<group>";
		};
		E72F49021B0770C600500C7C /* Products */ = {
			isa = PBXGroup;
			children = (
				E72F49011B0770C600500C7C /* beagleboot */,
			);
			name = Products;
			sourceTree = "<group>";
		};
		E72F49031B0770C600500C7C /* beagleboot */ = {
			isa = PBXGroup;
			children = (
				E78245351B0784A4004285CB /* arp.c */,
				E78245361B0784A4004285CB /* bootp.c */,
				E782452C1B078305004285CB /* arp.h */,
				E782452D1B078305004285CB /* bootp.h */,
				E782452E1B078305004285CB /* config.h */,
				E782452F1B078305004285CB /* ether2.h */,
				E78245301B078305004285CB /* ipv4.h */,
				E78245311B078305004285CB /* rndis.h */,
				E78245321B078305004285CB /* tftp.h */,
				E78245331B078305004285CB /* udp.h */,
				E78245341B078305004285CB /* utils.h */,
				E782451C1B07821B004285CB /* ether2.c */,
				E782451D1B07821B004285CB /* ipv4.c */,
				E782451E1B07821B004285CB /* main.c */,
				E782451F1B07821B004285CB /* rndis.c */,
				E78245201B07821B004285CB /* tftp.c */,
				E78245211B07821B004285CB /* udp.c */,
				E78245221B07821B004285CB /* utils.c */,
			);
			path = beagleboot;
			sourceTree = "<group>";
		};
/* End PBXGroup section */

/* Begin PBXNativeTarget section */
		E72F49001B0770C600500C7C /* beagleboot */ = {
			isa = PBXNativeTarget;
			buildConfigurationList = E72F49081B0770C600500C7C /* Build configuration list for PBXNativeTarget "beagleboot" */;
			buildPhases = (
				E72F48FD1B0770C600500C7C /* Sources */,
				E72F48FE1B0770C600500C7C /* Frameworks */,
				E72F48FF1B0770C600500C7C /* CopyFiles */,
			);
			buildRules = (
			);
			dependencies = (
			);
			name = beagleboot;
			productName = beagleboot;
			productReference = E72F49011B0770C600500C7C /* beagleboot */;
			productType = "com.apple.product-type.tool";
		};
/* End PBXNativeTarget section */

/* Begin PBXProject section */
		E72F48F91B0770C600500C7C /* Project object */ = {
			isa = PBXProject;
			attributes = {
				LastUpgradeCheck = 0630;
				ORGANIZATIONNAME = vdev;
				TargetAttributes = {
					E72F49001B0770C600500C7C = {
						CreatedOnToolsVersion = 6.3.1;
					};
				};
			};
			buildConfigurationList = E72F48FC1B0770C600500C7C /* Build configuration list for PBXProject "beagleboot" */;
			compatibilityVersion = "Xcode 3.2";
			developmentRegion = English;
			hasScannedForEncodings = 0;
			knownRegions = (
				en,
			);
			mainGroup = E72F48F81B0770C600500C7C;
			productRefGroup = E72F49021B0770C600500C7C /* Products */;
			projectDirPath = "";
			projectRoot = "";
			targets = (
				E72F49001B0770C600500C7C /* beagleboot */,
			);
		};
/* End PBXProject section */

/* Begin PBXSourcesBuildPhase section */
		E72F48FD1B0770C600500C7C /* Sources */ = {
			isa = PBXSourcesBuildPhase;
			buildActionMask = 2147483647;
			files = (
				E78245381B0784A4004285CB /* bootp.c in Sources */,
				E78245281B07821B004285CB /* rndis.c in Sources */,
				E78245371B0784A4004285CB /* arp.c in Sources */,
				E78245271B07821B004285CB /* main.c in Sources */,
				E78245251B07821B004285CB /* ether2.c in Sources */,
				E782452B1B07821B004285CB /* utils.c in Sources */,
				E78245261B07821B004285CB /* ipv4.c in Sources */,
				E78245291B07821B004285CB /* tftp.c in Sources */,
				E782452A1B07821B004285CB /* udp.c in Sources */,
			);
			runOnlyForDeploymentPostprocessing = 0;
		};
/* End PBXSourcesBuildPhase section */

/* Begin XCBuildConfiguration section */
		E72F49061B0770C600500C7C /* Debug */ = {
			isa = XCBuildConfiguration;
			buildSettings = {
				ALWAYS_SEARCH_USER_PATHS = NO;
				CLANG_CXX_LANGUAGE_STANDARD = "gnu++0x";
				CLANG_CXX_LIBRARY = "libc++";
				CLANG_ENABLE_MODULES = YES;
				CLANG_ENABLE_OBJC_ARC = YES;
				CLANG_WARN_BOOL_CONVERSION = YES;
				CLANG_WARN_CONSTANT_CONVERSION = YES;
				CLANG_WARN_DIRECT_OBJC_ISA_USAGE = YES_ERROR;
				CLANG_WARN_EMPTY_BODY = YES;
				CLANG_WARN_ENUM_CONVERSION = YES;
				CLANG_WARN_INT_CONVERSION = YES;
				CLANG_WARN_OBJC_ROOT_CLASS = YES_ERROR;
				CLANG_WARN_UNREACHABLE_CODE = YES;
				CLANG_WARN__DUPLICATE_METHOD_MATCH = YES;
				COPY_PHASE_STRIP = NO;
				DEBUG_INFORMATION_FORMAT = dwarf;
				ENABLE_STRICT_OBJC_MSGSEND = YES;
				GCC_C_LANGUAGE_STANDARD = gnu99;
				GCC_DYNAMIC_NO_PIC = NO;
				GCC_NO_COMMON_BLOCKS = YES;
				GCC_OPTIMIZATION_LEVEL = 0;
				GCC_PREPROCESSOR_DEFINITIONS = (
					"DEBUG=1",
					"$(inherited)",
				);
				GCC_SYMBOLS_PRIVATE_EXTERN = NO;
				GCC_WARN_64_TO_32_BIT_CONVERSION = YES;
				GCC_WARN_ABOUT_RETURN_TYPE = YES_ERROR;
				GCC_WARN_UNDECLARED_SELECTOR = YES;
				GCC_WARN_UNINITIALIZED_AUTOS = YES_AGGRESSIVE;
				GCC_WARN_UNUSED_FUNCTION = YES;
				GCC_WARN_UNUSED_VARIABLE = YES;
				MACOSX_DEPLOYMENT_TARGET = 10.10;
				MTL_ENABLE_DEBUG_INFO = YES;
				ONLY_ACTIVE_ARCH = YES;
				SDKROOT = macosx;
			};
			name = Debug;
		};
		E72F49071B0770C600500C7C /* Release */ = {
			isa = XCBuildConfiguration;
			buildSettings = {
				ALWAYS_SEARCH_USER_PATHS = NO;
				CLANG_CXX_LANGUAGE_STANDARD = "gnu++0x";
				CLANG_CXX_LIBRARY = "libc++";
				CLANG_ENABLE_MODULES = YES;
				CLANG_ENABLE_OBJC_ARC = YES;
				CLANG_WARN_BOOL_CONVERSION = YES;
				CLANG_WARN_CONSTANT_CONVERSION = YES;
				CLANG_WARN_DIRECT_OBJC_ISA_USAGE = YES_ERROR;
				CLANG_WARN_EMPTY_BODY = YES;
				CLANG_WARN_ENUM_CONVERSION = YES;
				CLANG_WARN_INT_CONVERSION = YES;
				CLANG_WARN_OBJC_ROOT_CLASS = YES_ERROR;
				CLANG_WARN_UNREACHABLE_CODE = YES;
				CLANG_WARN__DUPLICATE_METHOD_MATCH = YES;
				COPY_PHASE_STRIP = NO;
				DEBUG_INFORMATION_FORMAT = "dwarf-with-dsym";
				ENABLE_NS_ASSERTIONS = NO;
				ENABLE_STRICT_OBJC_MSGSEND = YES;
				GCC_C_LANGUAGE_STANDARD = gnu99;
				GCC_NO_COMMON_BLOCKS = YES;
				GCC_WARN_64_TO_32_BIT_CONVERSION = YES;
				GCC_WARN_ABOUT_RETURN_TYPE = YES_ERROR;
				GCC_WARN_UNDECLARED_SELECTOR = YES;
				GCC_WARN_UNINITIALIZED_AUTOS = YES_AGGRESSIVE;
				GCC_WARN_UNUSED_FUNCTION = YES;
				GCC_WARN_UNUSED_VARIABLE = YES;
				MACOSX_DEPLOYMENT_TARGET = 10.10;
				MTL_ENABLE_DEBUG_INFO = NO;
				SDKROOT = macosx;
			};
			name = Release;
		};
		E72F49091B0770C600500C7C /* Debug */ = {
			isa = XCBuildConfiguration;
			buildSettings = {
				ALWAYS_SEARCH_USER_PATHS = YES;
				"HEADER_SEARCH_PATHS[arch=*]" = (
					"$(inherited)",
					/Applications/Xcode.app/Contents/Developer/Toolchains/XcodeDefault.xctoolchain/usr/include,
				);
				"LIBRARY_SEARCH_PATHS[arch=*]" = "/usr/local/Cellar/libusb/1.0.19/lib/**";
				OTHER_CFLAGS = "";
				OTHER_LDFLAGS = "-lusb-1.0";
				PRODUCT_NAME = "$(TARGET_NAME)";
				USER_HEADER_SEARCH_PATHS = "$(SRCROOT)/../../include/** /usr/local/Cellar/libusb/1.0.19/include/libusb-1.0/**";
			};
			name = Debug;
		};
		E72F490A1B0770C600500C7C /* Release */ = {
			isa = XCBuildConfiguration;
			buildSettings = {
				ALWAYS_SEARCH_USER_PATHS = YES;
				"HEADER_SEARCH_PATHS[arch=*]" = (
					"$(inherited)",
					/Applications/Xcode.app/Contents/Developer/Toolchains/XcodeDefault.xctoolchain/usr/include,
				);
				"LIBRARY_SEARCH_PATHS[arch=*]" = "/usr/local/Cellar/libusb/1.0.19/lib/**";
				OTHER_CFLAGS = "";
				OTHER_LDFLAGS = "-lusb-1.0";
				PRODUCT_NAME = "$(TARGET_NAME)";
				USER_HEADER_SEARCH_PATHS = "$(SRCROOT)/../../include/** /usr/local/Cellar/libusb/1.0.19/include/libusb-1.0/**";
			};
			name = Release;
		};
/* End XCBuildConfiguration section */

/* Begin XCConfigurationList section */
		E72F48FC1B0770C600500C7C /* Build configuration list for PBXProject "beagleboot" */ = {
			isa = XCConfigurationList;
			buildConfigurations = (
				E72F49061B0770C600500C7C /* Debug */,
				E72F49071B0770C600500C7C /* Release */,
			);
			defaultConfigurationIsVisible = 0;
			defaultConfigurationName = Release;
		};
		E72F49081B0770C600500C7C /* Build configuration list for PBXNativeTarget "beagleboot" */ = {
			isa = XCConfigurationList;
			buildConfigurations = (
				E72F49091B0770C600500C7C /* Debug */,
				E72F490A1B0770C600500C7C /* Release */,
			);
			defaultConfigurationIsVisible = 0;
			defaultConfigurationName = Release;
		};
/* End XCConfigurationList section */
	};
	rootObject = E72F48F91B0770C600500C7C /* Project object */;
}
